
Microsoft Visual Studio Solution File, Format Version 12.00
# Visual Studio Version 16
VisualStudioVersion = 16.0.29123.88
MinimumVisualStudioVersion = 10.0.40219.1
Project("{FAE04EC0-301F-11D3-BF4B-00C04F79EFBC}") = "GitPractice", "GitPractice\GitPractice.csproj", "{C6F81B05-24C7-4833-9DC5-6084FAA8A4CF}"
EndProject
Global
	GlobalSection(SolutionConfigurationPlatforms) = preSolution
		Debug|Any CPU = Debug|Any CPU
		Release|Any CPU = Release|Any CPU
	EndGlobalSection
	GlobalSection(ProjectConfigurationPlatforms) = postSolution
		{C6F81B05-24C7-4833-9DC5-6084FAA8A4CF}.Debug|Any CPU.ActiveCfg = Debug|Any CPU
		{C6F81B05-24C7-4833-9DC5-6084FAA8A4CF}.Debug|Any CPU.Build.0 = Debug|Any CPU
		{C6F81B05-24C7-4833-9DC5-6084FAA8A4CF}.Release|Any CPU.ActiveCfg = Release|Any CPU
		{C6F81B05-24C7-4833-9DC5-6084FAA8A4CF}.Release|Any CPU.Build.0 = Release|Any CPU
	EndGlobalSection
	GlobalSection(SolutionProperties) = preSolution
		HideSolutionNode = FALSE
	EndGlobalSection
	GlobalSection(ExtensibilityGlobals) = postSolution
		SolutionGuid = {C9CAD1F8-8A68-421A-AF4B-8290DF71FA81}
	EndGlobalSection
EndGlobal
